
Microsoft Visual Studio Solution File, Format Version 12.00
# Visual Studio Version 16
VisualStudioVersion = 16.0.31019.35
MinimumVisualStudioVersion = 10.0.40219.1
Project("{8BC9CEB8-8B4A-11D0-8D11-00A0C91BC942}") = "2021.03.16_SW_Seminar", "2021.03.16_SW_Seminar\2021.03.16_SW_Seminar.vcxproj", "{89F7187F-A990-448D-9A46-BDC8F6D8E3BC}"
EndProject
Global
	GlobalSection(SolutionConfigurationPlatforms) = preSolution
		Debug|x64 = Debug|x64
		Debug|x86 = Debug|x86
		Release|x64 = Release|x64
		Release|x86 = Release|x86
	EndGlobalSection
	GlobalSection(ProjectConfigurationPlatforms) = postSolution
		{89F7187F-A990-448D-9A46-BDC8F6D8E3BC}.Debug|x64.ActiveCfg = Debug|x64
		{89F7187F-A990-448D-9A46-BDC8F6D8E3BC}.Debug|x64.Build.0 = Debug|x64
		{89F7187F-A990-448D-9A46-BDC8F6D8E3BC}.Debug|x86.ActiveCfg = Debug|Win32
		{89F7187F-A990-448D-9A46-BDC8F6D8E3BC}.Debug|x86.Build.0 = Debug|Win32
		{89F7187F-A990-448D-9A46-BDC8F6D8E3BC}.Release|x64.ActiveCfg = Release|x64
		{89F7187F-A990-448D-9A46-BDC8F6D8E3BC}.Release|x64.Build.0 = Release|x64
		{89F7187F-A990-448D-9A46-BDC8F6D8E3BC}.Release|x86.ActiveCfg = Release|Win32
		{89F7187F-A990-448D-9A46-BDC8F6D8E3BC}.Release|x86.Build.0 = Release|Win32
	EndGlobalSection
	GlobalSection(SolutionProperties) = preSolution
		HideSolutionNode = FALSE
	EndGlobalSection
	GlobalSection(ExtensibilityGlobals) = postSolution
		SolutionGuid = {4B622C8C-5C65-4D80-BDDE-2462110531E8}
	EndGlobalSection
EndGlobal
